
Microsoft Visual Studio Solution File, Format Version 12.00
# Visual Studio 2013
VisualStudioVersion = 12.0.21005.1
MinimumVisualStudioVersion = 10.0.40219.1
Project("{FAE04EC0-301F-11D3-BF4B-00C04F79EFBC}") = "WebArbol", "WebArbol\WebArbol.csproj", "{A8C57D7F-15EB-4341-A08B-47DB9C314C49}"
EndProject
Project("{FAE04EC0-301F-11D3-BF4B-00C04F79EFBC}") = "Negocio", "Negocio\Negocio.csproj", "{5CDFD93F-0EFA-48CB-A1F8-2A6D269E1A33}"
EndProject
Global
	GlobalSection(SolutionConfigurationPlatforms) = preSolution
		Debug|Any CPU = Debug|Any CPU
		Release|Any CPU = Release|Any CPU
	EndGlobalSection
	GlobalSection(ProjectConfigurationPlatforms) = postSolution
		{A8C57D7F-15EB-4341-A08B-47DB9C314C49}.Debug|Any CPU.ActiveCfg = Debug|Any CPU
		{A8C57D7F-15EB-4341-A08B-47DB9C314C49}.Debug|Any CPU.Build.0 = Debug|Any CPU
		{A8C57D7F-15EB-4341-A08B-47DB9C314C49}.Release|Any CPU.ActiveCfg = Release|Any CPU
		{A8C57D7F-15EB-4341-A08B-47DB9C314C49}.Release|Any CPU.Build.0 = Release|Any CPU
		{5CDFD93F-0EFA-48CB-A1F8-2A6D269E1A33}.Debug|Any CPU.ActiveCfg = Debug|Any CPU
		{5CDFD93F-0EFA-48CB-A1F8-2A6D269E1A33}.Debug|Any CPU.Build.0 = Debug|Any CPU
		{5CDFD93F-0EFA-48CB-A1F8-2A6D269E1A33}.Release|Any CPU.ActiveCfg = Release|Any CPU
		{5CDFD93F-0EFA-48CB-A1F8-2A6D269E1A33}.Release|Any CPU.Build.0 = Release|Any CPU
	EndGlobalSection
	GlobalSection(SolutionProperties) = preSolution
		HideSolutionNode = FALSE
	EndGlobalSection
EndGlobal
